
Microsoft Visual Studio Solution File, Format Version 12.00
# Visual Studio Version 16
VisualStudioVersion = 16.0.30804.86
MinimumVisualStudioVersion = 10.0.40219.1
Project("{2150E333-8FDC-42A3-9474-1A3956D46DE8}") = "ShopManagement", "ShopManagement", "{BF386DAC-B9AE-4965-B244-D9E65F427B6F}"
EndProject
Project("{2150E333-8FDC-42A3-9474-1A3956D46DE8}") = "SM.Domain", "SM.Domain", "{01F89292-40BE-45C0-8DFA-07B580D1DB9D}"
EndProject
Project("{9A19103F-16F7-4668-BE54-9A1E7A4F7556}") = "ShopManagement.Domain", "ShopManagement.Domain\ShopManagement.Domain.csproj", "{B19D381E-9552-40E7-BE37-AF18EB119F66}"
EndProject
Project("{9A19103F-16F7-4668-BE54-9A1E7A4F7556}") = "0_FrameWork", "0_FrameWork\0_FrameWork.csproj", "{CE77F82E-75C3-4181-9ED4-AABC898CD124}"
EndProject
Project("{2150E333-8FDC-42A3-9474-1A3956D46DE8}") = "SM.Application", "SM.Application", "{4D11591B-E778-4D20-BE4B-12D4A2DEA35B}"
EndProject
Project("{9A19103F-16F7-4668-BE54-9A1E7A4F7556}") = "ShopManagement.Application.Contracts", "ShopManagement.Application.Contracts\ShopManagement.Application.Contracts.csproj", "{F2B6A31C-3757-446E-B2BD-9DF130780EC7}"
EndProject
Project("{9A19103F-16F7-4668-BE54-9A1E7A4F7556}") = "ShopManagement.Application", "ShopManagement.Application\ShopManagement.Application.csproj", "{D4B1C942-C3D3-4C6B-89E8-CCC56969560A}"
EndProject
Project("{2150E333-8FDC-42A3-9474-1A3956D46DE8}") = "SM.Infrastructure", "SM.Infrastructure", "{CFFB6E67-557B-4338-8D32-812AE8B6E7DD}"
EndProject
Project("{9A19103F-16F7-4668-BE54-9A1E7A4F7556}") = "ShopManagement.Infrastructure.EFCore", "ShopManagement.Infrastructure.EFCore\ShopManagement.Infrastructure.EFCore.csproj", "{20299557-CD96-4222-884A-F453672DCB88}"
EndProject
Project("{9A19103F-16F7-4668-BE54-9A1E7A4F7556}") = "ShopManagement.Configuration", "ShopManagement.Configuration\ShopManagement.Configuration.csproj", "{E13EBF85-3CE7-4A71-968B-3334FDB138EC}"
EndProject
Project("{9A19103F-16F7-4668-BE54-9A1E7A4F7556}") = "ServiceHost", "ServiceHost\ServiceHost.csproj", "{2D382B40-CCAA-462A-A4C5-D623C9A6C3A3}"
EndProject
Project("{2150E333-8FDC-42A3-9474-1A3956D46DE8}") = "DiscountManagement", "DiscountManagement", "{B33236C3-138B-4123-B198-B79346A2CEC1}"
EndProject
Project("{2150E333-8FDC-42A3-9474-1A3956D46DE8}") = "DM.Domain", "DM.Domain", "{C61F767F-DCD2-4E2D-852D-294EFE35FC69}"
EndProject
Project("{9A19103F-16F7-4668-BE54-9A1E7A4F7556}") = "DiscountManagement.Domain", "DiscountManagement.Domain\DiscountManagement.Domain.csproj", "{CC2D27EF-E6DB-4ECD-AD19-A0F6EAF67BB5}"
EndProject
Project("{2150E333-8FDC-42A3-9474-1A3956D46DE8}") = "DM.Application", "DM.Application", "{9CCFECE3-1D4A-434A-9265-228670C4693F}"
EndProject
Project("{9A19103F-16F7-4668-BE54-9A1E7A4F7556}") = "DiscountManagement.Application.Contract", "DiscountManagement.Application.Contract\DiscountManagement.Application.Contract.csproj", "{3DACFD8C-BD8E-425C-B118-6D092C66A873}"
EndProject
Project("{9A19103F-16F7-4668-BE54-9A1E7A4F7556}") = "DiscountManagement.Application", "DiscountManagement.Application\DiscountManagement.Application.csproj", "{665FF64A-C68E-4E0B-9E54-D8CC072D1730}"
EndProject
Project("{2150E333-8FDC-42A3-9474-1A3956D46DE8}") = "DM.Infrastructure", "DM.Infrastructure", "{5F802602-4CD2-44C1-8817-8E40D74879EC}"
EndProject
Project("{9A19103F-16F7-4668-BE54-9A1E7A4F7556}") = "DiscountManagement.Infrastructure.EFCore", "DiscountManagement.Infrastructure.EFCore\DiscountManagement.Infrastructure.EFCore.csproj", "{929986E4-4040-4A36-B3B1-841F9D276B71}"
EndProject
Project("{9A19103F-16F7-4668-BE54-9A1E7A4F7556}") = "DiscountManagement.Configuration", "DiscountManagement.Configuration\DiscountManagement.Configuration.csproj", "{6BB1B566-279E-4AE4-A282-DC517FF7DB65}"
EndProject
Project("{2150E333-8FDC-42A3-9474-1A3956D46DE8}") = "InventoryManagement", "InventoryManagement", "{D20E1924-2146-43C7-98D1-B698ED467DF2}"
EndProject
Project("{2150E333-8FDC-42A3-9474-1A3956D46DE8}") = "IM.Domain", "IM.Domain", "{E72F2A3E-19C7-40A2-AFE3-8F5806808194}"
EndProject
Project("{9A19103F-16F7-4668-BE54-9A1E7A4F7556}") = "InventoryManagement.Domain", "InventoryManagement.Domain\InventoryManagement.Domain.csproj", "{C481A452-13D5-4420-8D35-95E86C5952C8}"
EndProject
Project("{2150E333-8FDC-42A3-9474-1A3956D46DE8}") = "IM.Application", "IM.Application", "{DE16E4C5-A077-46EA-B1A0-91EAA317B3A5}"
EndProject
Project("{9A19103F-16F7-4668-BE54-9A1E7A4F7556}") = "InventoryManagement.Application.Contract", "InventoryManagement.Application.Contract\InventoryManagement.Application.Contract.csproj", "{3DE71EE0-8552-4D0A-B2B3-418A673EA359}"
EndProject
Project("{2150E333-8FDC-42A3-9474-1A3956D46DE8}") = "IM.Infrastructure", "IM.Infrastructure", "{9BE41A92-A556-4797-954D-717D712A7944}"
EndProject
Project("{9A19103F-16F7-4668-BE54-9A1E7A4F7556}") = "InventoryManagement.Infrastructure.EFCore", "InventoryManagement.Infrastructure.EFCore\InventoryManagement.Infrastructure.EFCore.csproj", "{23695532-25C8-45F5-B975-B7EF1BA31FD6}"
EndProject
Project("{9A19103F-16F7-4668-BE54-9A1E7A4F7556}") = "InventoryManagement.Infrastructure.Configuration", "InventoryManagement.Infrastructure.Configuration\InventoryManagement.Infrastructure.Configuration.csproj", "{6ECE3520-9192-4F39-9A46-BA8659AAEE78}"
EndProject
Project("{9A19103F-16F7-4668-BE54-9A1E7A4F7556}") = "InventoryManagement.Application", "InventoryManagement.Application\InventoryManagement.Application.csproj", "{EF3CBCB9-0411-4351-9D67-784DFD1F4C4B}"
EndProject
Project("{9A19103F-16F7-4668-BE54-9A1E7A4F7556}") = "01_LampshadeQuery", "01_LampshadeQuery\01_LampshadeQuery.csproj", "{A2504881-5146-4972-BACB-DFF6D30D7EDD}"
	ProjectSection(ProjectDependencies) = postProject
		{23695532-25C8-45F5-B975-B7EF1BA31FD6} = {23695532-25C8-45F5-B975-B7EF1BA31FD6}
		{20299557-CD96-4222-884A-F453672DCB88} = {20299557-CD96-4222-884A-F453672DCB88}
		{929986E4-4040-4A36-B3B1-841F9D276B71} = {929986E4-4040-4A36-B3B1-841F9D276B71}
	EndProjectSection
EndProject
Project("{2150E333-8FDC-42A3-9474-1A3956D46DE8}") = "BlogManagement", "BlogManagement", "{5787D6AA-AC6B-4FE3-AFD3-6CE0FBF82D8D}"
EndProject
Project("{2150E333-8FDC-42A3-9474-1A3956D46DE8}") = "BM.Domain", "BM.Domain", "{DF836C8E-39B4-4198-BEA9-F0E13AF404A2}"
EndProject
Project("{9A19103F-16F7-4668-BE54-9A1E7A4F7556}") = "BlogManagement.Domain", "BlogManagement.Domain\BlogManagement.Domain.csproj", "{779573F3-ED21-41F1-9697-9261CD24C696}"
EndProject
Project("{2150E333-8FDC-42A3-9474-1A3956D46DE8}") = "BM.Application", "BM.Application", "{2C454315-F0DA-4F54-9717-A149A25AE37C}"
EndProject
Project("{9A19103F-16F7-4668-BE54-9A1E7A4F7556}") = "BlogManagement.Application.Contracts", "BlogManagement.Application.Contracts\BlogManagement.Application.Contracts.csproj", "{60B49B75-49C9-403B-AEBE-4627DAEE091B}"
EndProject
Project("{9A19103F-16F7-4668-BE54-9A1E7A4F7556}") = "BlogManagement.Application", "BlogManagement.Application\BlogManagement.Application.csproj", "{CE2FF078-1BD8-4CC1-9DA4-AB483F0D4BC6}"
EndProject
Project("{2150E333-8FDC-42A3-9474-1A3956D46DE8}") = "BM.Infrastructure", "BM.Infrastructure", "{1D0A60E0-8DD7-4889-B620-8071CE9D2F77}"
EndProject
Project("{9A19103F-16F7-4668-BE54-9A1E7A4F7556}") = "BlogManagement.Infrastructure.EFCore", "BlogManagement.Infrastructure.EFCore\BlogManagement.Infrastructure.EFCore.csproj", "{A176BDC3-EA87-4983-A7B6-A3742F8B6722}"
EndProject
Project("{FAE04EC0-301F-11D3-BF4B-00C04F79EFBC}") = "BlogManagement.Infrastructure.Configuration", "BlogManagement.Infrastructure.Configuration\BlogManagement.Infrastructure.Configuration.csproj", "{0B19A4BB-65D9-4043-90BC-1E2266A308E7}"
EndProject
Global
	GlobalSection(SolutionConfigurationPlatforms) = preSolution
		Debug|Any CPU = Debug|Any CPU
		Release|Any CPU = Release|Any CPU
	EndGlobalSection
	GlobalSection(ProjectConfigurationPlatforms) = postSolution
		{B19D381E-9552-40E7-BE37-AF18EB119F66}.Debug|Any CPU.ActiveCfg = Debug|Any CPU
		{B19D381E-9552-40E7-BE37-AF18EB119F66}.Debug|Any CPU.Build.0 = Debug|Any CPU
		{B19D381E-9552-40E7-BE37-AF18EB119F66}.Release|Any CPU.ActiveCfg = Release|Any CPU
		{B19D381E-9552-40E7-BE37-AF18EB119F66}.Release|Any CPU.Build.0 = Release|Any CPU
		{CE77F82E-75C3-4181-9ED4-AABC898CD124}.Debug|Any CPU.ActiveCfg = Debug|Any CPU
		{CE77F82E-75C3-4181-9ED4-AABC898CD124}.Debug|Any CPU.Build.0 = Debug|Any CPU
		{CE77F82E-75C3-4181-9ED4-AABC898CD124}.Release|Any CPU.ActiveCfg = Release|Any CPU
		{CE77F82E-75C3-4181-9ED4-AABC898CD124}.Release|Any CPU.Build.0 = Release|Any CPU
		{F2B6A31C-3757-446E-B2BD-9DF130780EC7}.Debug|Any CPU.ActiveCfg = Debug|Any CPU
		{F2B6A31C-3757-446E-B2BD-9DF130780EC7}.Debug|Any CPU.Build.0 = Debug|Any CPU
		{F2B6A31C-3757-446E-B2BD-9DF130780EC7}.Release|Any CPU.ActiveCfg = Release|Any CPU
		{F2B6A31C-3757-446E-B2BD-9DF130780EC7}.Release|Any CPU.Build.0 = Release|Any CPU
		{D4B1C942-C3D3-4C6B-89E8-CCC56969560A}.Debug|Any CPU.ActiveCfg = Debug|Any CPU
		{D4B1C942-C3D3-4C6B-89E8-CCC56969560A}.Debug|Any CPU.Build.0 = Debug|Any CPU
		{D4B1C942-C3D3-4C6B-89E8-CCC56969560A}.Release|Any CPU.ActiveCfg = Release|Any CPU
		{D4B1C942-C3D3-4C6B-89E8-CCC56969560A}.Release|Any CPU.Build.0 = Release|Any CPU
		{20299557-CD96-4222-884A-F453672DCB88}.Debug|Any CPU.ActiveCfg = Debug|Any CPU
		{20299557-CD96-4222-884A-F453672DCB88}.Debug|Any CPU.Build.0 = Debug|Any CPU
		{20299557-CD96-4222-884A-F453672DCB88}.Release|Any CPU.ActiveCfg = Release|Any CPU
		{20299557-CD96-4222-884A-F453672DCB88}.Release|Any CPU.Build.0 = Release|Any CPU
		{E13EBF85-3CE7-4A71-968B-3334FDB138EC}.Debug|Any CPU.ActiveCfg = Debug|Any CPU
		{E13EBF85-3CE7-4A71-968B-3334FDB138EC}.Debug|Any CPU.Build.0 = Debug|Any CPU
		{E13EBF85-3CE7-4A71-968B-3334FDB138EC}.Release|Any CPU.ActiveCfg = Release|Any CPU
		{E13EBF85-3CE7-4A71-968B-3334FDB138EC}.Release|Any CPU.Build.0 = Release|Any CPU
		{2D382B40-CCAA-462A-A4C5-D623C9A6C3A3}.Debug|Any CPU.ActiveCfg = Debug|Any CPU
		{2D382B40-CCAA-462A-A4C5-D623C9A6C3A3}.Debug|Any CPU.Build.0 = Debug|Any CPU
		{2D382B40-CCAA-462A-A4C5-D623C9A6C3A3}.Release|Any CPU.ActiveCfg = Release|Any CPU
		{2D382B40-CCAA-462A-A4C5-D623C9A6C3A3}.Release|Any CPU.Build.0 = Release|Any CPU
		{CC2D27EF-E6DB-4ECD-AD19-A0F6EAF67BB5}.Debug|Any CPU.ActiveCfg = Debug|Any CPU
		{CC2D27EF-E6DB-4ECD-AD19-A0F6EAF67BB5}.Debug|Any CPU.Build.0 = Debug|Any CPU
		{CC2D27EF-E6DB-4ECD-AD19-A0F6EAF67BB5}.Release|Any CPU.ActiveCfg = Release|Any CPU
		{CC2D27EF-E6DB-4ECD-AD19-A0F6EAF67BB5}.Release|Any CPU.Build.0 = Release|Any CPU
		{3DACFD8C-BD8E-425C-B118-6D092C66A873}.Debug|Any CPU.ActiveCfg = Debug|Any CPU
		{3DACFD8C-BD8E-425C-B118-6D092C66A873}.Debug|Any CPU.Build.0 = Debug|Any CPU
		{3DACFD8C-BD8E-425C-B118-6D092C66A873}.Release|Any CPU.ActiveCfg = Release|Any CPU
		{3DACFD8C-BD8E-425C-B118-6D092C66A873}.Release|Any CPU.Build.0 = Release|Any CPU
		{665FF64A-C68E-4E0B-9E54-D8CC072D1730}.Debug|Any CPU.ActiveCfg = Debug|Any CPU
		{665FF64A-C68E-4E0B-9E54-D8CC072D1730}.Debug|Any CPU.Build.0 = Debug|Any CPU
		{665FF64A-C68E-4E0B-9E54-D8CC072D1730}.Release|Any CPU.ActiveCfg = Release|Any CPU
		{665FF64A-C68E-4E0B-9E54-D8CC072D1730}.Release|Any CPU.Build.0 = Release|Any CPU
		{929986E4-4040-4A36-B3B1-841F9D276B71}.Debug|Any CPU.ActiveCfg = Debug|Any CPU
		{929986E4-4040-4A36-B3B1-841F9D276B71}.Debug|Any CPU.Build.0 = Debug|Any CPU
		{929986E4-4040-4A36-B3B1-841F9D276B71}.Release|Any CPU.ActiveCfg = Release|Any CPU
		{929986E4-4040-4A36-B3B1-841F9D276B71}.Release|Any CPU.Build.0 = Release|Any CPU
		{6BB1B566-279E-4AE4-A282-DC517FF7DB65}.Debug|Any CPU.ActiveCfg = Debug|Any CPU
		{6BB1B566-279E-4AE4-A282-DC517FF7DB65}.Debug|Any CPU.Build.0 = Debug|Any CPU
		{6BB1B566-279E-4AE4-A282-DC517FF7DB65}.Release|Any CPU.ActiveCfg = Release|Any CPU
		{6BB1B566-279E-4AE4-A282-DC517FF7DB65}.Release|Any CPU.Build.0 = Release|Any CPU
		{C481A452-13D5-4420-8D35-95E86C5952C8}.Debug|Any CPU.ActiveCfg = Debug|Any CPU
		{C481A452-13D5-4420-8D35-95E86C5952C8}.Debug|Any CPU.Build.0 = Debug|Any CPU
		{C481A452-13D5-4420-8D35-95E86C5952C8}.Release|Any CPU.ActiveCfg = Release|Any CPU
		{C481A452-13D5-4420-8D35-95E86C5952C8}.Release|Any CPU.Build.0 = Release|Any CPU
		{3DE71EE0-8552-4D0A-B2B3-418A673EA359}.Debug|Any CPU.ActiveCfg = Debug|Any CPU
		{3DE71EE0-8552-4D0A-B2B3-418A673EA359}.Debug|Any CPU.Build.0 = Debug|Any CPU
		{3DE71EE0-8552-4D0A-B2B3-418A673EA359}.Release|Any CPU.ActiveCfg = Release|Any CPU
		{3DE71EE0-8552-4D0A-B2B3-418A673EA359}.Release|Any CPU.Build.0 = Release|Any CPU
		{23695532-25C8-45F5-B975-B7EF1BA31FD6}.Debug|Any CPU.ActiveCfg = Debug|Any CPU
		{23695532-25C8-45F5-B975-B7EF1BA31FD6}.Debug|Any CPU.Build.0 = Debug|Any CPU
		{23695532-25C8-45F5-B975-B7EF1BA31FD6}.Release|Any CPU.ActiveCfg = Release|Any CPU
		{23695532-25C8-45F5-B975-B7EF1BA31FD6}.Release|Any CPU.Build.0 = Release|Any CPU
		{6ECE3520-9192-4F39-9A46-BA8659AAEE78}.Debug|Any CPU.ActiveCfg = Debug|Any CPU
		{6ECE3520-9192-4F39-9A46-BA8659AAEE78}.Debug|Any CPU.Build.0 = Debug|Any CPU
		{6ECE3520-9192-4F39-9A46-BA8659AAEE78}.Release|Any CPU.ActiveCfg = Release|Any CPU
		{6ECE3520-9192-4F39-9A46-BA8659AAEE78}.Release|Any CPU.Build.0 = Release|Any CPU
		{EF3CBCB9-0411-4351-9D67-784DFD1F4C4B}.Debug|Any CPU.ActiveCfg = Debug|Any CPU
		{EF3CBCB9-0411-4351-9D67-784DFD1F4C4B}.Debug|Any CPU.Build.0 = Debug|Any CPU
		{EF3CBCB9-0411-4351-9D67-784DFD1F4C4B}.Release|Any CPU.ActiveCfg = Release|Any CPU
		{EF3CBCB9-0411-4351-9D67-784DFD1F4C4B}.Release|Any CPU.Build.0 = Release|Any CPU
		{A2504881-5146-4972-BACB-DFF6D30D7EDD}.Debug|Any CPU.ActiveCfg = Debug|Any CPU
		{A2504881-5146-4972-BACB-DFF6D30D7EDD}.Debug|Any CPU.Build.0 = Debug|Any CPU
		{A2504881-5146-4972-BACB-DFF6D30D7EDD}.Release|Any CPU.ActiveCfg = Release|Any CPU
		{A2504881-5146-4972-BACB-DFF6D30D7EDD}.Release|Any CPU.Build.0 = Release|Any CPU
		{779573F3-ED21-41F1-9697-9261CD24C696}.Debug|Any CPU.ActiveCfg = Debug|Any CPU
		{779573F3-ED21-41F1-9697-9261CD24C696}.Debug|Any CPU.Build.0 = Debug|Any CPU
		{779573F3-ED21-41F1-9697-9261CD24C696}.Release|Any CPU.ActiveCfg = Release|Any CPU
		{779573F3-ED21-41F1-9697-9261CD24C696}.Release|Any CPU.Build.0 = Release|Any CPU
		{60B49B75-49C9-403B-AEBE-4627DAEE091B}.Debug|Any CPU.ActiveCfg = Debug|Any CPU
		{60B49B75-49C9-403B-AEBE-4627DAEE091B}.Debug|Any CPU.Build.0 = Debug|Any CPU
		{60B49B75-49C9-403B-AEBE-4627DAEE091B}.Release|Any CPU.ActiveCfg = Release|Any CPU
		{60B49B75-49C9-403B-AEBE-4627DAEE091B}.Release|Any CPU.Build.0 = Release|Any CPU
		{CE2FF078-1BD8-4CC1-9DA4-AB483F0D4BC6}.Debug|Any CPU.ActiveCfg = Debug|Any CPU
		{CE2FF078-1BD8-4CC1-9DA4-AB483F0D4BC6}.Debug|Any CPU.Build.0 = Debug|Any CPU
		{CE2FF078-1BD8-4CC1-9DA4-AB483F0D4BC6}.Release|Any CPU.ActiveCfg = Release|Any CPU
		{CE2FF078-1BD8-4CC1-9DA4-AB483F0D4BC6}.Release|Any CPU.Build.0 = Release|Any CPU
		{A176BDC3-EA87-4983-A7B6-A3742F8B6722}.Debug|Any CPU.ActiveCfg = Debug|Any CPU
		{A176BDC3-EA87-4983-A7B6-A3742F8B6722}.Debug|Any CPU.Build.0 = Debug|Any CPU
		{A176BDC3-EA87-4983-A7B6-A3742F8B6722}.Release|Any CPU.ActiveCfg = Release|Any CPU
		{A176BDC3-EA87-4983-A7B6-A3742F8B6722}.Release|Any CPU.Build.0 = Release|Any CPU
		{0B19A4BB-65D9-4043-90BC-1E2266A308E7}.Debug|Any CPU.ActiveCfg = Debug|Any CPU
		{0B19A4BB-65D9-4043-90BC-1E2266A308E7}.Debug|Any CPU.Build.0 = Debug|Any CPU
		{0B19A4BB-65D9-4043-90BC-1E2266A308E7}.Release|Any CPU.ActiveCfg = Release|Any CPU
		{0B19A4BB-65D9-4043-90BC-1E2266A308E7}.Release|Any CPU.Build.0 = Release|Any CPU
	EndGlobalSection
	GlobalSection(SolutionProperties) = preSolution
		HideSolutionNode = FALSE
	EndGlobalSection
	GlobalSection(NestedProjects) = preSolution
		{01F89292-40BE-45C0-8DFA-07B580D1DB9D} = {BF386DAC-B9AE-4965-B244-D9E65F427B6F}
		{B19D381E-9552-40E7-BE37-AF18EB119F66} = {01F89292-40BE-45C0-8DFA-07B580D1DB9D}
		{4D11591B-E778-4D20-BE4B-12D4A2DEA35B} = {BF386DAC-B9AE-4965-B244-D9E65F427B6F}
		{F2B6A31C-3757-446E-B2BD-9DF130780EC7} = {4D11591B-E778-4D20-BE4B-12D4A2DEA35B}
		{D4B1C942-C3D3-4C6B-89E8-CCC56969560A} = {4D11591B-E778-4D20-BE4B-12D4A2DEA35B}
		{CFFB6E67-557B-4338-8D32-812AE8B6E7DD} = {BF386DAC-B9AE-4965-B244-D9E65F427B6F}
		{20299557-CD96-4222-884A-F453672DCB88} = {CFFB6E67-557B-4338-8D32-812AE8B6E7DD}
		{E13EBF85-3CE7-4A71-968B-3334FDB138EC} = {CFFB6E67-557B-4338-8D32-812AE8B6E7DD}
		{C61F767F-DCD2-4E2D-852D-294EFE35FC69} = {B33236C3-138B-4123-B198-B79346A2CEC1}
		{CC2D27EF-E6DB-4ECD-AD19-A0F6EAF67BB5} = {C61F767F-DCD2-4E2D-852D-294EFE35FC69}
		{9CCFECE3-1D4A-434A-9265-228670C4693F} = {B33236C3-138B-4123-B198-B79346A2CEC1}
		{3DACFD8C-BD8E-425C-B118-6D092C66A873} = {9CCFECE3-1D4A-434A-9265-228670C4693F}
		{665FF64A-C68E-4E0B-9E54-D8CC072D1730} = {9CCFECE3-1D4A-434A-9265-228670C4693F}
		{5F802602-4CD2-44C1-8817-8E40D74879EC} = {B33236C3-138B-4123-B198-B79346A2CEC1}
		{929986E4-4040-4A36-B3B1-841F9D276B71} = {5F802602-4CD2-44C1-8817-8E40D74879EC}
		{6BB1B566-279E-4AE4-A282-DC517FF7DB65} = {5F802602-4CD2-44C1-8817-8E40D74879EC}
		{E72F2A3E-19C7-40A2-AFE3-8F5806808194} = {D20E1924-2146-43C7-98D1-B698ED467DF2}
		{C481A452-13D5-4420-8D35-95E86C5952C8} = {E72F2A3E-19C7-40A2-AFE3-8F5806808194}
		{DE16E4C5-A077-46EA-B1A0-91EAA317B3A5} = {D20E1924-2146-43C7-98D1-B698ED467DF2}
		{3DE71EE0-8552-4D0A-B2B3-418A673EA359} = {DE16E4C5-A077-46EA-B1A0-91EAA317B3A5}
		{9BE41A92-A556-4797-954D-717D712A7944} = {D20E1924-2146-43C7-98D1-B698ED467DF2}
		{23695532-25C8-45F5-B975-B7EF1BA31FD6} = {9BE41A92-A556-4797-954D-717D712A7944}
		{6ECE3520-9192-4F39-9A46-BA8659AAEE78} = {9BE41A92-A556-4797-954D-717D712A7944}
		{EF3CBCB9-0411-4351-9D67-784DFD1F4C4B} = {DE16E4C5-A077-46EA-B1A0-91EAA317B3A5}
		{DF836C8E-39B4-4198-BEA9-F0E13AF404A2} = {5787D6AA-AC6B-4FE3-AFD3-6CE0FBF82D8D}
		{779573F3-ED21-41F1-9697-9261CD24C696} = {DF836C8E-39B4-4198-BEA9-F0E13AF404A2}
		{2C454315-F0DA-4F54-9717-A149A25AE37C} = {5787D6AA-AC6B-4FE3-AFD3-6CE0FBF82D8D}
		{60B49B75-49C9-403B-AEBE-4627DAEE091B} = {2C454315-F0DA-4F54-9717-A149A25AE37C}
		{CE2FF078-1BD8-4CC1-9DA4-AB483F0D4BC6} = {2C454315-F0DA-4F54-9717-A149A25AE37C}
		{1D0A60E0-8DD7-4889-B620-8071CE9D2F77} = {5787D6AA-AC6B-4FE3-AFD3-6CE0FBF82D8D}
		{A176BDC3-EA87-4983-A7B6-A3742F8B6722} = {1D0A60E0-8DD7-4889-B620-8071CE9D2F77}
		{0B19A4BB-65D9-4043-90BC-1E2266A308E7} = {1D0A60E0-8DD7-4889-B620-8071CE9D2F77}
	EndGlobalSection
	GlobalSection(ExtensibilityGlobals) = postSolution
		SolutionGuid = {B6C4C216-09D1-40F9-830B-FEE17B8C3840}
	EndGlobalSection
EndGlobal
